
Microsoft Visual Studio Solution File, Format Version 12.00
# Visual Studio Version 16
VisualStudioVersion = 16.0.30128.74
MinimumVisualStudioVersion = 10.0.40219.1
Project("{2150E333-8FDC-42A3-9474-1A3956D46DE8}") = "Solution Items", "Solution Items", "{1BC7A711-F88F-4EDC-A47A-7D458F4735B1}"
	ProjectSection(SolutionItems) = preProject
		localtestrun.testrunconfig = localtestrun.testrunconfig
		lunar.vsmdi = lunar.vsmdi
	EndProjectSection
EndProject
Project("{FAE04EC0-301F-11D3-BF4B-00C04F79EFBC}") = "lunar", "lunar\lunar.csproj", "{A12C33AE-E9FD-4899-9F62-E1E7DCDA36CA}"
EndProject
Project("{FAE04EC0-301F-11D3-BF4B-00C04F79EFBC}") = "test", "test\test.csproj", "{C8D364E3-437F-4936-9008-85119F2EF9A7}"
EndProject
Project("{FAE04EC0-301F-11D3-BF4B-00C04F79EFBC}") = "ConsoleDemo", "ConsoleDemo\ConsoleDemo.csproj", "{16FFB8B9-B605-4B4D-B501-10D29AF24079}"
EndProject
Project("{9A19103F-16F7-4668-BE54-9A1E7A4F7556}") = "LunarCore", "LunarCore\LunarCore.csproj", "{699499B0-61BC-4ED4-8389-76757CB8C241}"
EndProject
Project("{9A19103F-16F7-4668-BE54-9A1E7A4F7556}") = "MyLunar", "MyLunar\MyLunar.csproj", "{B46F4E95-A143-4B9E-981D-92B69BBB445B}"
EndProject
Project("{FAE04EC0-301F-11D3-BF4B-00C04F79EFBC}") = "LunarWeb", "LunarWeb\LunarWeb.csproj", "{5DB07C83-E817-4AC6-9B77-EEE3F17EF5B9}"
EndProject
Global
	GlobalSection(SolutionConfigurationPlatforms) = preSolution
		Debug|Any CPU = Debug|Any CPU
		Release|Any CPU = Release|Any CPU
	EndGlobalSection
	GlobalSection(ProjectConfigurationPlatforms) = postSolution
		{A12C33AE-E9FD-4899-9F62-E1E7DCDA36CA}.Debug|Any CPU.ActiveCfg = Debug|Any CPU
		{A12C33AE-E9FD-4899-9F62-E1E7DCDA36CA}.Debug|Any CPU.Build.0 = Debug|Any CPU
		{A12C33AE-E9FD-4899-9F62-E1E7DCDA36CA}.Release|Any CPU.ActiveCfg = Release|Any CPU
		{A12C33AE-E9FD-4899-9F62-E1E7DCDA36CA}.Release|Any CPU.Build.0 = Release|Any CPU
		{C8D364E3-437F-4936-9008-85119F2EF9A7}.Debug|Any CPU.ActiveCfg = Debug|Any CPU
		{C8D364E3-437F-4936-9008-85119F2EF9A7}.Debug|Any CPU.Build.0 = Debug|Any CPU
		{C8D364E3-437F-4936-9008-85119F2EF9A7}.Release|Any CPU.ActiveCfg = Release|Any CPU
		{C8D364E3-437F-4936-9008-85119F2EF9A7}.Release|Any CPU.Build.0 = Release|Any CPU
		{16FFB8B9-B605-4B4D-B501-10D29AF24079}.Debug|Any CPU.ActiveCfg = Debug|Any CPU
		{16FFB8B9-B605-4B4D-B501-10D29AF24079}.Debug|Any CPU.Build.0 = Debug|Any CPU
		{16FFB8B9-B605-4B4D-B501-10D29AF24079}.Release|Any CPU.ActiveCfg = Release|Any CPU
		{16FFB8B9-B605-4B4D-B501-10D29AF24079}.Release|Any CPU.Build.0 = Release|Any CPU
		{699499B0-61BC-4ED4-8389-76757CB8C241}.Debug|Any CPU.ActiveCfg = Debug|Any CPU
		{699499B0-61BC-4ED4-8389-76757CB8C241}.Debug|Any CPU.Build.0 = Debug|Any CPU
		{699499B0-61BC-4ED4-8389-76757CB8C241}.Release|Any CPU.ActiveCfg = Release|Any CPU
		{699499B0-61BC-4ED4-8389-76757CB8C241}.Release|Any CPU.Build.0 = Release|Any CPU
		{B46F4E95-A143-4B9E-981D-92B69BBB445B}.Debug|Any CPU.ActiveCfg = Debug|Any CPU
		{B46F4E95-A143-4B9E-981D-92B69BBB445B}.Debug|Any CPU.Build.0 = Debug|Any CPU
		{B46F4E95-A143-4B9E-981D-92B69BBB445B}.Release|Any CPU.ActiveCfg = Release|Any CPU
		{B46F4E95-A143-4B9E-981D-92B69BBB445B}.Release|Any CPU.Build.0 = Release|Any CPU
		{5DB07C83-E817-4AC6-9B77-EEE3F17EF5B9}.Debug|Any CPU.ActiveCfg = Debug|Any CPU
		{5DB07C83-E817-4AC6-9B77-EEE3F17EF5B9}.Debug|Any CPU.Build.0 = Debug|Any CPU
		{5DB07C83-E817-4AC6-9B77-EEE3F17EF5B9}.Release|Any CPU.ActiveCfg = Release|Any CPU
		{5DB07C83-E817-4AC6-9B77-EEE3F17EF5B9}.Release|Any CPU.Build.0 = Release|Any CPU
	EndGlobalSection
	GlobalSection(SolutionProperties) = preSolution
		HideSolutionNode = FALSE
	EndGlobalSection
	GlobalSection(ExtensibilityGlobals) = postSolution
		SolutionGuid = {6307A4C8-EEE6-471C-9A81-4CE2176A918C}
	EndGlobalSection
	GlobalSection(TestCaseManagementSettings) = postSolution
		CategoryFile = lunar.vsmdi
	EndGlobalSection
EndGlobal
